
Microsoft Visual Studio Solution File, Format Version 11.00
# Visual Studio 2010
Project("{FAE04EC0-301F-11D3-BF4B-00C04F79EFBC}") = "SpotiFire.Server", "SpotiFire.Server\SpotiFire.Server.csproj", "{2B2703EC-1740-47FD-B527-E507AF0E5BDA}"
EndProject
Project("{FAE04EC0-301F-11D3-BF4B-00C04F79EFBC}") = "SpotiFire.SpotifyLib", "SpotiFire.SpotifyLib\SpotiFire.SpotifyLib.csproj", "{CBF5614B-AF79-4228-8265-7DC2BAF9A626}"
EndProject
Project("{FAE04EC0-301F-11D3-BF4B-00C04F79EFBC}") = "SpotiFire.Client", "SpotiFire.Client\SpotiFire.Client.csproj", "{FEDDFB3D-1650-461F-895D-BA9D7C13948D}"
EndProject
Project("{FAE04EC0-301F-11D3-BF4B-00C04F79EFBC}") = "SpotiFire.Tests", "SpotiFire.Tests\SpotiFire.Tests.csproj", "{344EBB6A-420B-4711-8FD1-B0E44D4F9EB1}"
EndProject
Global
	GlobalSection(SolutionConfigurationPlatforms) = preSolution
		Debug|Any CPU = Debug|Any CPU
		Debug|Mixed Platforms = Debug|Mixed Platforms
		Debug|x86 = Debug|x86
		Release|Any CPU = Release|Any CPU
		Release|Mixed Platforms = Release|Mixed Platforms
		Release|x86 = Release|x86
	EndGlobalSection
	GlobalSection(ProjectConfigurationPlatforms) = postSolution
		{2B2703EC-1740-47FD-B527-E507AF0E5BDA}.Debug|Any CPU.ActiveCfg = Debug|x86
		{2B2703EC-1740-47FD-B527-E507AF0E5BDA}.Debug|Mixed Platforms.ActiveCfg = Debug|x86
		{2B2703EC-1740-47FD-B527-E507AF0E5BDA}.Debug|Mixed Platforms.Build.0 = Debug|x86
		{2B2703EC-1740-47FD-B527-E507AF0E5BDA}.Debug|x86.ActiveCfg = Debug|x86
		{2B2703EC-1740-47FD-B527-E507AF0E5BDA}.Debug|x86.Build.0 = Debug|x86
		{2B2703EC-1740-47FD-B527-E507AF0E5BDA}.Release|Any CPU.ActiveCfg = Release|x86
		{2B2703EC-1740-47FD-B527-E507AF0E5BDA}.Release|Mixed Platforms.ActiveCfg = Release|x86
		{2B2703EC-1740-47FD-B527-E507AF0E5BDA}.Release|Mixed Platforms.Build.0 = Release|x86
		{2B2703EC-1740-47FD-B527-E507AF0E5BDA}.Release|x86.ActiveCfg = Release|x86
		{2B2703EC-1740-47FD-B527-E507AF0E5BDA}.Release|x86.Build.0 = Release|x86
		{CBF5614B-AF79-4228-8265-7DC2BAF9A626}.Debug|Any CPU.ActiveCfg = Debug|Any CPU
		{CBF5614B-AF79-4228-8265-7DC2BAF9A626}.Debug|Any CPU.Build.0 = Debug|Any CPU
		{CBF5614B-AF79-4228-8265-7DC2BAF9A626}.Debug|Mixed Platforms.ActiveCfg = Debug|Any CPU
		{CBF5614B-AF79-4228-8265-7DC2BAF9A626}.Debug|Mixed Platforms.Build.0 = Debug|Any CPU
		{CBF5614B-AF79-4228-8265-7DC2BAF9A626}.Debug|x86.ActiveCfg = Debug|Any CPU
		{CBF5614B-AF79-4228-8265-7DC2BAF9A626}.Release|Any CPU.ActiveCfg = Release|Any CPU
		{CBF5614B-AF79-4228-8265-7DC2BAF9A626}.Release|Any CPU.Build.0 = Release|Any CPU
		{CBF5614B-AF79-4228-8265-7DC2BAF9A626}.Release|Mixed Platforms.ActiveCfg = Release|Any CPU
		{CBF5614B-AF79-4228-8265-7DC2BAF9A626}.Release|Mixed Platforms.Build.0 = Release|Any CPU
		{CBF5614B-AF79-4228-8265-7DC2BAF9A626}.Release|x86.ActiveCfg = Release|Any CPU
		{FEDDFB3D-1650-461F-895D-BA9D7C13948D}.Debug|Any CPU.ActiveCfg = Debug|x86
		{FEDDFB3D-1650-461F-895D-BA9D7C13948D}.Debug|Mixed Platforms.ActiveCfg = Debug|x86
		{FEDDFB3D-1650-461F-895D-BA9D7C13948D}.Debug|Mixed Platforms.Build.0 = Debug|x86
		{FEDDFB3D-1650-461F-895D-BA9D7C13948D}.Debug|x86.ActiveCfg = Debug|x86
		{FEDDFB3D-1650-461F-895D-BA9D7C13948D}.Debug|x86.Build.0 = Debug|x86
		{FEDDFB3D-1650-461F-895D-BA9D7C13948D}.Release|Any CPU.ActiveCfg = Release|x86
		{FEDDFB3D-1650-461F-895D-BA9D7C13948D}.Release|Mixed Platforms.ActiveCfg = Release|x86
		{FEDDFB3D-1650-461F-895D-BA9D7C13948D}.Release|Mixed Platforms.Build.0 = Release|x86
		{FEDDFB3D-1650-461F-895D-BA9D7C13948D}.Release|x86.ActiveCfg = Release|x86
		{FEDDFB3D-1650-461F-895D-BA9D7C13948D}.Release|x86.Build.0 = Release|x86
		{344EBB6A-420B-4711-8FD1-B0E44D4F9EB1}.Debug|Any CPU.ActiveCfg = Debug|x86
		{344EBB6A-420B-4711-8FD1-B0E44D4F9EB1}.Debug|Mixed Platforms.ActiveCfg = Debug|x86
		{344EBB6A-420B-4711-8FD1-B0E44D4F9EB1}.Debug|Mixed Platforms.Build.0 = Debug|x86
		{344EBB6A-420B-4711-8FD1-B0E44D4F9EB1}.Debug|x86.ActiveCfg = Debug|x86
		{344EBB6A-420B-4711-8FD1-B0E44D4F9EB1}.Debug|x86.Build.0 = Debug|x86
		{344EBB6A-420B-4711-8FD1-B0E44D4F9EB1}.Release|Any CPU.ActiveCfg = Release|x86
		{344EBB6A-420B-4711-8FD1-B0E44D4F9EB1}.Release|Mixed Platforms.ActiveCfg = Release|x86
		{344EBB6A-420B-4711-8FD1-B0E44D4F9EB1}.Release|Mixed Platforms.Build.0 = Release|x86
		{344EBB6A-420B-4711-8FD1-B0E44D4F9EB1}.Release|x86.ActiveCfg = Release|x86
		{344EBB6A-420B-4711-8FD1-B0E44D4F9EB1}.Release|x86.Build.0 = Release|x86
	EndGlobalSection
	GlobalSection(SolutionProperties) = preSolution
		HideSolutionNode = FALSE
	EndGlobalSection
EndGlobal
