
Microsoft Visual Studio Solution File, Format Version 12.00
# Visual Studio 2012
Project("{FAE04EC0-301F-11D3-BF4B-00C04F79EFBC}") = "SpotiFire.SpotifyLib", "SpotiFire.SpotifyLib\SpotiFire.SpotifyLib.csproj", "{CBF5614B-AF79-4228-8265-7DC2BAF9A626}"
EndProject
Project("{FAE04EC0-301F-11D3-BF4B-00C04F79EFBC}") = "SpotiFire.TestClient", "SpotiFire.TestClient\SpotiFire.TestClient.csproj", "{27B33796-39E8-4EE1-8AFF-042A9D660040}"
EndProject
Project("{FAE04EC0-301F-11D3-BF4B-00C04F79EFBC}") = "SpotiFire.WinFormsTest", "SpotiFire.WinFormsTest\SpotiFire.WinFormsTest.csproj", "{578C546A-806A-4423-A600-655A2B89C8A5}"
EndProject
Project("{8BC9CEB8-8B4A-11D0-8D11-00A0C91BC942}") = "SpotiFire.LibSpotify", "SpotiFire.LibSpotify\SpotiFire.LibSpotify.vcxproj", "{3A193712-4AE2-4B7A-9ADF-139D3213E34B}"
EndProject
Project("{FAE04EC0-301F-11D3-BF4B-00C04F79EFBC}") = "SpotiFire.Server", "SpotiFire.Server\SpotiFire.Server.csproj", "{EFEF4D47-AD58-41B6-80A9-D98A35FC3B5E}"
EndProject
Project("{FAE04EC0-301F-11D3-BF4B-00C04F79EFBC}") = "SpotiFire.WpfTest", "SpotiFire.WpfTest\SpotiFire.WpfTest.csproj", "{3F671DC2-2A4A-424A-B13A-D66F52B760B6}"
EndProject
Global
	GlobalSection(SolutionConfigurationPlatforms) = preSolution
		Debug|Any CPU = Debug|Any CPU
		Debug|Mixed Platforms = Debug|Mixed Platforms
		Debug|Win32 = Debug|Win32
		Debug|x86 = Debug|x86
		Release|Any CPU = Release|Any CPU
		Release|Mixed Platforms = Release|Mixed Platforms
		Release|Win32 = Release|Win32
		Release|x86 = Release|x86
	EndGlobalSection
	GlobalSection(ProjectConfigurationPlatforms) = postSolution
		{CBF5614B-AF79-4228-8265-7DC2BAF9A626}.Debug|Any CPU.ActiveCfg = Debug|Any CPU
		{CBF5614B-AF79-4228-8265-7DC2BAF9A626}.Debug|Any CPU.Build.0 = Debug|Any CPU
		{CBF5614B-AF79-4228-8265-7DC2BAF9A626}.Debug|Mixed Platforms.ActiveCfg = Debug|Any CPU
		{CBF5614B-AF79-4228-8265-7DC2BAF9A626}.Debug|Mixed Platforms.Build.0 = Debug|Any CPU
		{CBF5614B-AF79-4228-8265-7DC2BAF9A626}.Debug|Win32.ActiveCfg = Debug|Any CPU
		{CBF5614B-AF79-4228-8265-7DC2BAF9A626}.Debug|x86.ActiveCfg = Debug|Any CPU
		{CBF5614B-AF79-4228-8265-7DC2BAF9A626}.Release|Any CPU.ActiveCfg = Release|Any CPU
		{CBF5614B-AF79-4228-8265-7DC2BAF9A626}.Release|Any CPU.Build.0 = Release|Any CPU
		{CBF5614B-AF79-4228-8265-7DC2BAF9A626}.Release|Mixed Platforms.ActiveCfg = Release|Any CPU
		{CBF5614B-AF79-4228-8265-7DC2BAF9A626}.Release|Mixed Platforms.Build.0 = Release|Any CPU
		{CBF5614B-AF79-4228-8265-7DC2BAF9A626}.Release|Win32.ActiveCfg = Release|Any CPU
		{CBF5614B-AF79-4228-8265-7DC2BAF9A626}.Release|x86.ActiveCfg = Release|Any CPU
		{27B33796-39E8-4EE1-8AFF-042A9D660040}.Debug|Any CPU.ActiveCfg = Debug|Any CPU
		{27B33796-39E8-4EE1-8AFF-042A9D660040}.Debug|Any CPU.Build.0 = Debug|Any CPU
		{27B33796-39E8-4EE1-8AFF-042A9D660040}.Debug|Mixed Platforms.ActiveCfg = Debug|Any CPU
		{27B33796-39E8-4EE1-8AFF-042A9D660040}.Debug|Mixed Platforms.Build.0 = Debug|Any CPU
		{27B33796-39E8-4EE1-8AFF-042A9D660040}.Debug|Win32.ActiveCfg = Debug|Any CPU
		{27B33796-39E8-4EE1-8AFF-042A9D660040}.Debug|x86.ActiveCfg = Debug|Any CPU
		{27B33796-39E8-4EE1-8AFF-042A9D660040}.Release|Any CPU.ActiveCfg = Release|Any CPU
		{27B33796-39E8-4EE1-8AFF-042A9D660040}.Release|Any CPU.Build.0 = Release|Any CPU
		{27B33796-39E8-4EE1-8AFF-042A9D660040}.Release|Mixed Platforms.ActiveCfg = Release|Any CPU
		{27B33796-39E8-4EE1-8AFF-042A9D660040}.Release|Mixed Platforms.Build.0 = Release|Any CPU
		{27B33796-39E8-4EE1-8AFF-042A9D660040}.Release|Win32.ActiveCfg = Release|Any CPU
		{27B33796-39E8-4EE1-8AFF-042A9D660040}.Release|x86.ActiveCfg = Release|Any CPU
		{578C546A-806A-4423-A600-655A2B89C8A5}.Debug|Any CPU.ActiveCfg = Debug|Any CPU
		{578C546A-806A-4423-A600-655A2B89C8A5}.Debug|Any CPU.Build.0 = Debug|Any CPU
		{578C546A-806A-4423-A600-655A2B89C8A5}.Debug|Mixed Platforms.ActiveCfg = Debug|Any CPU
		{578C546A-806A-4423-A600-655A2B89C8A5}.Debug|Mixed Platforms.Build.0 = Debug|Any CPU
		{578C546A-806A-4423-A600-655A2B89C8A5}.Debug|Win32.ActiveCfg = Debug|Any CPU
		{578C546A-806A-4423-A600-655A2B89C8A5}.Debug|x86.ActiveCfg = Debug|Any CPU
		{578C546A-806A-4423-A600-655A2B89C8A5}.Release|Any CPU.ActiveCfg = Release|Any CPU
		{578C546A-806A-4423-A600-655A2B89C8A5}.Release|Any CPU.Build.0 = Release|Any CPU
		{578C546A-806A-4423-A600-655A2B89C8A5}.Release|Mixed Platforms.ActiveCfg = Release|Any CPU
		{578C546A-806A-4423-A600-655A2B89C8A5}.Release|Mixed Platforms.Build.0 = Release|Any CPU
		{578C546A-806A-4423-A600-655A2B89C8A5}.Release|Win32.ActiveCfg = Release|Any CPU
		{578C546A-806A-4423-A600-655A2B89C8A5}.Release|x86.ActiveCfg = Release|Any CPU
		{3A193712-4AE2-4B7A-9ADF-139D3213E34B}.Debug|Any CPU.ActiveCfg = Debug|Win32
		{3A193712-4AE2-4B7A-9ADF-139D3213E34B}.Debug|Mixed Platforms.ActiveCfg = Debug|Win32
		{3A193712-4AE2-4B7A-9ADF-139D3213E34B}.Debug|Mixed Platforms.Build.0 = Debug|Win32
		{3A193712-4AE2-4B7A-9ADF-139D3213E34B}.Debug|Win32.ActiveCfg = Debug|Win32
		{3A193712-4AE2-4B7A-9ADF-139D3213E34B}.Debug|Win32.Build.0 = Debug|Win32
		{3A193712-4AE2-4B7A-9ADF-139D3213E34B}.Debug|x86.ActiveCfg = Debug|Win32
		{3A193712-4AE2-4B7A-9ADF-139D3213E34B}.Debug|x86.Build.0 = Debug|Win32
		{3A193712-4AE2-4B7A-9ADF-139D3213E34B}.Release|Any CPU.ActiveCfg = Release|Win32
		{3A193712-4AE2-4B7A-9ADF-139D3213E34B}.Release|Mixed Platforms.ActiveCfg = Release|Win32
		{3A193712-4AE2-4B7A-9ADF-139D3213E34B}.Release|Mixed Platforms.Build.0 = Release|Win32
		{3A193712-4AE2-4B7A-9ADF-139D3213E34B}.Release|Win32.ActiveCfg = Release|Win32
		{3A193712-4AE2-4B7A-9ADF-139D3213E34B}.Release|Win32.Build.0 = Release|Win32
		{3A193712-4AE2-4B7A-9ADF-139D3213E34B}.Release|x86.ActiveCfg = Release|Win32
		{3A193712-4AE2-4B7A-9ADF-139D3213E34B}.Release|x86.Build.0 = Release|Win32
		{EFEF4D47-AD58-41B6-80A9-D98A35FC3B5E}.Debug|Any CPU.ActiveCfg = Debug|Any CPU
		{EFEF4D47-AD58-41B6-80A9-D98A35FC3B5E}.Debug|Any CPU.Build.0 = Debug|Any CPU
		{EFEF4D47-AD58-41B6-80A9-D98A35FC3B5E}.Debug|Mixed Platforms.ActiveCfg = Debug|Any CPU
		{EFEF4D47-AD58-41B6-80A9-D98A35FC3B5E}.Debug|Mixed Platforms.Build.0 = Debug|Any CPU
		{EFEF4D47-AD58-41B6-80A9-D98A35FC3B5E}.Debug|Win32.ActiveCfg = Debug|Any CPU
		{EFEF4D47-AD58-41B6-80A9-D98A35FC3B5E}.Debug|x86.ActiveCfg = Debug|Any CPU
		{EFEF4D47-AD58-41B6-80A9-D98A35FC3B5E}.Release|Any CPU.ActiveCfg = Release|Any CPU
		{EFEF4D47-AD58-41B6-80A9-D98A35FC3B5E}.Release|Any CPU.Build.0 = Release|Any CPU
		{EFEF4D47-AD58-41B6-80A9-D98A35FC3B5E}.Release|Mixed Platforms.ActiveCfg = Release|Any CPU
		{EFEF4D47-AD58-41B6-80A9-D98A35FC3B5E}.Release|Mixed Platforms.Build.0 = Release|Any CPU
		{EFEF4D47-AD58-41B6-80A9-D98A35FC3B5E}.Release|Win32.ActiveCfg = Release|Any CPU
		{EFEF4D47-AD58-41B6-80A9-D98A35FC3B5E}.Release|x86.ActiveCfg = Release|Any CPU
		{3F671DC2-2A4A-424A-B13A-D66F52B760B6}.Debug|Any CPU.ActiveCfg = Debug|Any CPU
		{3F671DC2-2A4A-424A-B13A-D66F52B760B6}.Debug|Any CPU.Build.0 = Debug|Any CPU
		{3F671DC2-2A4A-424A-B13A-D66F52B760B6}.Debug|Mixed Platforms.ActiveCfg = Debug|Any CPU
		{3F671DC2-2A4A-424A-B13A-D66F52B760B6}.Debug|Mixed Platforms.Build.0 = Debug|Any CPU
		{3F671DC2-2A4A-424A-B13A-D66F52B760B6}.Debug|Win32.ActiveCfg = Debug|Any CPU
		{3F671DC2-2A4A-424A-B13A-D66F52B760B6}.Debug|x86.ActiveCfg = Debug|Any CPU
		{3F671DC2-2A4A-424A-B13A-D66F52B760B6}.Release|Any CPU.ActiveCfg = Release|Any CPU
		{3F671DC2-2A4A-424A-B13A-D66F52B760B6}.Release|Any CPU.Build.0 = Release|Any CPU
		{3F671DC2-2A4A-424A-B13A-D66F52B760B6}.Release|Mixed Platforms.ActiveCfg = Release|Any CPU
		{3F671DC2-2A4A-424A-B13A-D66F52B760B6}.Release|Mixed Platforms.Build.0 = Release|Any CPU
		{3F671DC2-2A4A-424A-B13A-D66F52B760B6}.Release|Win32.ActiveCfg = Release|Any CPU
		{3F671DC2-2A4A-424A-B13A-D66F52B760B6}.Release|x86.ActiveCfg = Release|Any CPU
	EndGlobalSection
	GlobalSection(SolutionProperties) = preSolution
		HideSolutionNode = FALSE
	EndGlobalSection
EndGlobal
